// !$*UTF8*$!
{
	archiveVersion = 1;
	classes = {
	};
	objectVersion = 50;
	objects = {

/* Begin PBXBuildFile section */
		AECE64C025AEDEC3009A39EC /* Sample8_CoreDataApp.swift in Sources */ = {isa = PBXBuildFile; fileRef = AECE64BF25AEDEC3009A39EC /* Sample8_CoreDataApp.swift */; };
		AECE64C225AEDEC3009A39EC /* ContentView.swift in Sources */ = {isa = PBXBuildFile; fileRef = AECE64C125AEDEC3009A39EC /* ContentView.swift */; };
		AECE64C425AEDEC6009A39EC /* Assets.xcassets in Resources */ = {isa = PBXBuildFile; fileRef = AECE64C325AEDEC6009A39EC /* Assets.xcassets */; };
		AECE64C725AEDEC6009A39EC /* Preview Assets.xcassets in Resources */ = {isa = PBXBuildFile; fileRef = AECE64C625AEDEC6009A39EC /* Preview Assets.xcassets */; };
		AECE64D025AEDEF7009A39EC /* TestData.swift in Sources */ = {isa = PBXBuildFile; fileRef = AECE64CF25AEDEF7009A39EC /* TestData.swift */; };
		AECE64D325AEDF56009A39EC /* CoreData.swift in Sources */ = {isa = PBXBuildFile; fileRef = AECE64D225AEDF56009A39EC /* CoreData.swift */; };
		AECE64E925AEF2DE009A39EC /* CoreData.xcdatamodeld in Sources */ = {isa = PBXBuildFile; fileRef = AECE64E725AEF2DE009A39EC /* CoreData.xcdatamodeld */; };
		AEE5BC4F25B5401E00E8E10E /* FileData.swift in Sources */ = {isa = PBXBuildFile; fileRef = AEE5BC4E25B5401E00E8E10E /* FileData.swift */; };
/* End PBXBuildFile section */

/* Begin PBXFileReference section */
		AECE64BC25AEDEC3009A39EC /* Sample8-CoreData.app */ = {isa = PBXFileReference; explicitFileType = wrapper.application; includeInIndex = 0; path = "Sample8-CoreData.app"; sourceTree = BUILT_PRODUCTS_DIR; };
		AECE64BF25AEDEC3009A39EC /* Sample8_CoreDataApp.swift */ = {isa = PBXFileReference; lastKnownFileType = sourcecode.swift; path = Sample8_CoreDataApp.swift; sourceTree = "<group>"; };
		AECE64C125AEDEC3009A39EC /* ContentView.swift */ = {isa = PBXFileReference; lastKnownFileType = sourcecode.swift; path = ContentView.swift; sourceTree = "<group>"; };
		AECE64C325AEDEC6009A39EC /* Assets.xcassets */ = {isa = PBXFileReference; lastKnownFileType = folder.assetcatalog; path = Assets.xcassets; sourceTree = "<group>"; };
		AECE64C625AEDEC6009A39EC /* Preview Assets.xcassets */ = {isa = PBXFileReference; lastKnownFileType = folder.assetcatalog; path = "Preview Assets.xcassets"; sourceTree = "<group>"; };
		AECE64C825AEDEC6009A39EC /* Info.plist */ = {isa = PBXFileReference; lastKnownFileType = text.plist.xml; path = Info.plist; sourceTree = "<group>"; };
		AECE64CF25AEDEF7009A39EC /* TestData.swift */ = {isa = PBXFileReference; lastKnownFileType = sourcecode.swift; path = TestData.swift; sourceTree = "<group>"; };
		AECE64D225AEDF56009A39EC /* CoreData.swift */ = {isa = PBXFileReference; lastKnownFileType = sourcecode.swift; path = CoreData.swift; sourceTree = "<group>"; };
		AECE64D525AEDFD7009A39EC /* Sample8-CoreData.entitlements */ = {isa = PBXFileReference; lastKnownFileType = text.plist.entitlements; path = "Sample8-CoreData.entitlements"; sourceTree = "<group>"; };
		AECE64E825AEF2DE009A39EC /* CoreData.xcdatamodel */ = {isa = PBXFileReference; lastKnownFileType = wrapper.xcdatamodel; path = CoreData.xcdatamodel; sourceTree = "<group>"; };
		AEE5BC4E25B5401E00E8E10E /* FileData.swift */ = {isa = PBXFileReference; lastKnownFileType = sourcecode.swift; path = FileData.swift; sourceTree = "<group>"; };
/* End PBXFileReference section */

/* Begin PBXFrameworksBuildPhase section */
		AECE64B925AEDEC3009A39EC /* Frameworks */ = {
			isa = PBXFrameworksBuildPhase;
			buildActionMask = 2147483647;
			files = (
			);
			runOnlyForDeploymentPostprocessing = 0;
		};
/* End PBXFrameworksBuildPhase section */

/* Begin PBXGroup section */
		AECE64B325AEDEC3009A39EC = {
			isa = PBXGroup;
			children = (
				AECE64BE25AEDEC3009A39EC /* Sample8-CoreData */,
				AECE64BD25AEDEC3009A39EC /* Products */,
			);
			sourceTree = "<group>";
		};
		AECE64BD25AEDEC3009A39EC /* Products */ = {
			isa = PBXGroup;
			children = (
				AECE64BC25AEDEC3009A39EC /* Sample8-CoreData.app */,
			);
			name = Products;
			sourceTree = "<group>";
		};
		AECE64BE25AEDEC3009A39EC /* Sample8-CoreData */ = {
			isa = PBXGroup;
			children = (
				AECE64D525AEDFD7009A39EC /* Sample8-CoreData.entitlements */,
				AECE64BF25AEDEC3009A39EC /* Sample8_CoreDataApp.swift */,
				AECE64C125AEDEC3009A39EC /* ContentView.swift */,
				AECE64CF25AEDEF7009A39EC /* TestData.swift */,
				AEE5BC4E25B5401E00E8E10E /* FileData.swift */,
				AECE64D225AEDF56009A39EC /* CoreData.swift */,
				AECE64C325AEDEC6009A39EC /* Assets.xcassets */,
				AECE64C825AEDEC6009A39EC /* Info.plist */,
				AECE64C525AEDEC6009A39EC /* Preview Content */,
				AECE64E725AEF2DE009A39EC /* CoreData.xcdatamodeld */,
			);
			path = "Sample8-CoreData";
			sourceTree = "<group>";
		};
		AECE64C525AEDEC6009A39EC /* Preview Content */ = {
			isa = PBXGroup;
			children = (
				AECE64C625AEDEC6009A39EC /* Preview Assets.xcassets */,
			);
			path = "Preview Content";
			sourceTree = "<group>";
		};
/* End PBXGroup section */

/* Begin PBXNativeTarget section */
		AECE64BB25AEDEC3009A39EC /* Sample8-CoreData */ = {
			isa = PBXNativeTarget;
			buildConfigurationList = AECE64CB25AEDEC6009A39EC /* Build configuration list for PBXNativeTarget "Sample8-CoreData" */;
			buildPhases = (
				AECE64B825AEDEC3009A39EC /* Sources */,
				AECE64B925AEDEC3009A39EC /* Frameworks */,
				AECE64BA25AEDEC3009A39EC /* Resources */,
			);
			buildRules = (
			);
			dependencies = (
			);
			name = "Sample8-CoreData";
			productName = "Sample8-CoreData";
			productReference = AECE64BC25AEDEC3009A39EC /* Sample8-CoreData.app */;
			productType = "com.apple.product-type.application";
		};
/* End PBXNativeTarget section */

/* Begin PBXProject section */
		AECE64B425AEDEC3009A39EC /* Project object */ = {
			isa = PBXProject;
			attributes = {
				LastSwiftUpdateCheck = 1230;
				LastUpgradeCheck = 1230;
				TargetAttributes = {
					AECE64BB25AEDEC3009A39EC = {
						CreatedOnToolsVersion = 12.3;
					};
				};
			};
			buildConfigurationList = AECE64B725AEDEC3009A39EC /* Build configuration list for PBXProject "Sample8-CoreData" */;
			compatibilityVersion = "Xcode 9.3";
			developmentRegion = en;
			hasScannedForEncodings = 0;
			knownRegions = (
				en,
				Base,
			);
			mainGroup = AECE64B325AEDEC3009A39EC;
			productRefGroup = AECE64BD25AEDEC3009A39EC /* Products */;
			projectDirPath = "";
			projectRoot = "";
			targets = (
				AECE64BB25AEDEC3009A39EC /* Sample8-CoreData */,
			);
		};
/* End PBXProject section */

/* Begin PBXResourcesBuildPhase section */
		AECE64BA25AEDEC3009A39EC /* Resources */ = {
			isa = PBXResourcesBuildPhase;
			buildActionMask = 2147483647;
			files = (
				AECE64C725AEDEC6009A39EC /* Preview Assets.xcassets in Resources */,
				AECE64C425AEDEC6009A39EC /* Assets.xcassets in Resources */,
			);
			runOnlyForDeploymentPostprocessing = 0;
		};
/* End PBXResourcesBuildPhase section */

/* Begin PBXSourcesBuildPhase section */
		AECE64B825AEDEC3009A39EC /* Sources */ = {
			isa = PBXSourcesBuildPhase;
			buildActionMask = 2147483647;
			files = (
				AECE64D325AEDF56009A39EC /* CoreData.swift in Sources */,
				AECE64D025AEDEF7009A39EC /* TestData.swift in Sources */,
				AECE64E925AEF2DE009A39EC /* CoreData.xcdatamodeld in Sources */,
				AECE64C225AEDEC3009A39EC /* ContentView.swift in Sources */,
				AECE64C025AEDEC3009A39EC /* Sample8_CoreDataApp.swift in Sources */,
				AEE5BC4F25B5401E00E8E10E /* FileData.swift in Sources */,
			);
			runOnlyForDeploymentPostprocessing = 0;
		};
/* End PBXSourcesBuildPhase section */

/* Begin XCBuildConfiguration section */
		AECE64C925AEDEC6009A39EC /* Debug */ = {
			isa = XCBuildConfiguration;
			buildSettings = {
				ALWAYS_SEARCH_USER_PATHS = NO;
				CLANG_ANALYZER_NONNULL = YES;
				CLANG_ANALYZER_NUMBER_OBJECT_CONVERSION = YES_AGGRESSIVE;
				CLANG_CXX_LANGUAGE_STANDARD = "gnu++14";
				CLANG_CXX_LIBRARY = "libc++";
				CLANG_ENABLE_MODULES = YES;
				CLANG_ENABLE_OBJC_ARC = YES;
				CLANG_ENABLE_OBJC_WEAK = YES;
				CLANG_WARN_BLOCK_CAPTURE_AUTORELEASING = YES;
				CLANG_WARN_BOOL_CONVERSION = YES;
				CLANG_WARN_COMMA = YES;
				CLANG_WARN_CONSTANT_CONVERSION = YES;
				CLANG_WARN_DEPRECATED_OBJC_IMPLEMENTATIONS = YES;
				CLANG_WARN_DIRECT_OBJC_ISA_USAGE = YES_ERROR;
				CLANG_WARN_DOCUMENTATION_COMMENTS = YES;
				CLANG_WARN_EMPTY_BODY = YES;
				CLANG_WARN_ENUM_CONVERSION = YES;
				CLANG_WARN_INFINITE_RECURSION = YES;
				CLANG_WARN_INT_CONVERSION = YES;
				CLANG_WARN_NON_LITERAL_NULL_CONVERSION = YES;
				CLANG_WARN_OBJC_IMPLICIT_RETAIN_SELF = YES;
				CLANG_WARN_OBJC_LITERAL_CONVERSION = YES;
				CLANG_WARN_OBJC_ROOT_CLASS = YES_ERROR;
				CLANG_WARN_QUOTED_INCLUDE_IN_FRAMEWORK_HEADER = YES;
				CLANG_WARN_RANGE_LOOP_ANALYSIS = YES;
				CLANG_WARN_STRICT_PROTOTYPES = YES;
				CLANG_WARN_SUSPICIOUS_MOVE = YES;
				CLANG_WARN_UNGUARDED_AVAILABILITY = YES_AGGRESSIVE;
				CLANG_WARN_UNREACHABLE_CODE = YES;
				CLANG_WARN__DUPLICATE_METHOD_MATCH = YES;
				COPY_PHASE_STRIP = NO;
				DEBUG_INFORMATION_FORMAT = dwarf;
				ENABLE_STRICT_OBJC_MSGSEND = YES;
				ENABLE_TESTABILITY = YES;
				GCC_C_LANGUAGE_STANDARD = gnu11;
				GCC_DYNAMIC_NO_PIC = NO;
				GCC_NO_COMMON_BLOCKS = YES;
				GCC_OPTIMIZATION_LEVEL = 0;
				GCC_PREPROCESSOR_DEFINITIONS = (
					"DEBUG=1",
					"$(inherited)",
				);
				GCC_WARN_64_TO_32_BIT_CONVERSION = YES;
				GCC_WARN_ABOUT_RETURN_TYPE = YES_ERROR;
				GCC_WARN_UNDECLARED_SELECTOR = YES;
				GCC_WARN_UNINITIALIZED_AUTOS = YES_AGGRESSIVE;
				GCC_WARN_UNUSED_FUNCTION = YES;
				GCC_WARN_UNUSED_VARIABLE = YES;
				IPHONEOS_DEPLOYMENT_TARGET = 14.3;
				MTL_ENABLE_DEBUG_INFO = INCLUDE_SOURCE;
				MTL_FAST_MATH = YES;
				ONLY_ACTIVE_ARCH = YES;
				SDKROOT = iphoneos;
				SWIFT_ACTIVE_COMPILATION_CONDITIONS = DEBUG;
				SWIFT_OPTIMIZATION_LEVEL = "-Onone";
			};
			name = Debug;
		};
		AECE64CA25AEDEC6009A39EC /* Release */ = {
			isa = XCBuildConfiguration;
			buildSettings = {
				ALWAYS_SEARCH_USER_PATHS = NO;
				CLANG_ANALYZER_NONNULL = YES;
				CLANG_ANALYZER_NUMBER_OBJECT_CONVERSION = YES_AGGRESSIVE;
				CLANG_CXX_LANGUAGE_STANDARD = "gnu++14";
				CLANG_CXX_LIBRARY = "libc++";
				CLANG_ENABLE_MODULES = YES;
				CLANG_ENABLE_OBJC_ARC = YES;
				CLANG_ENABLE_OBJC_WEAK = YES;
				CLANG_WARN_BLOCK_CAPTURE_AUTORELEASING = YES;
				CLANG_WARN_BOOL_CONVERSION = YES;
				CLANG_WARN_COMMA = YES;
				CLANG_WARN_CONSTANT_CONVERSION = YES;
				CLANG_WARN_DEPRECATED_OBJC_IMPLEMENTATIONS = YES;
				CLANG_WARN_DIRECT_OBJC_ISA_USAGE = YES_ERROR;
				CLANG_WARN_DOCUMENTATION_COMMENTS = YES;
				CLANG_WARN_EMPTY_BODY = YES;
				CLANG_WARN_ENUM_CONVERSION = YES;
				CLANG_WARN_INFINITE_RECURSION = YES;
				CLANG_WARN_INT_CONVERSION = YES;
				CLANG_WARN_NON_LITERAL_NULL_CONVERSION = YES;
				CLANG_WARN_OBJC_IMPLICIT_RETAIN_SELF = YES;
				CLANG_WARN_OBJC_LITERAL_CONVERSION = YES;
				CLANG_WARN_OBJC_ROOT_CLASS = YES_ERROR;
				CLANG_WARN_QUOTED_INCLUDE_IN_FRAMEWORK_HEADER = YES;
				CLANG_WARN_RANGE_LOOP_ANALYSIS = YES;
				CLANG_WARN_STRICT_PROTOTYPES = YES;
				CLANG_WARN_SUSPICIOUS_MOVE = YES;
				CLANG_WARN_UNGUARDED_AVAILABILITY = YES_AGGRESSIVE;
				CLANG_WARN_UNREACHABLE_CODE = YES;
				CLANG_WARN__DUPLICATE_METHOD_MATCH = YES;
				COPY_PHASE_STRIP = NO;
				DEBUG_INFORMATION_FORMAT = "dwarf-with-dsym";
				ENABLE_NS_ASSERTIONS = NO;
				ENABLE_STRICT_OBJC_MSGSEND = YES;
				GCC_C_LANGUAGE_STANDARD = gnu11;
				GCC_NO_COMMON_BLOCKS = YES;
				GCC_WARN_64_TO_32_BIT_CONVERSION = YES;
				GCC_WARN_ABOUT_RETURN_TYPE = YES_ERROR;
				GCC_WARN_UNDECLARED_SELECTOR = YES;
				GCC_WARN_UNINITIALIZED_AUTOS = YES_AGGRESSIVE;
				GCC_WARN_UNUSED_FUNCTION = YES;
				GCC_WARN_UNUSED_VARIABLE = YES;
				IPHONEOS_DEPLOYMENT_TARGET = 14.3;
				MTL_ENABLE_DEBUG_INFO = NO;
				MTL_FAST_MATH = YES;
				SDKROOT = iphoneos;
				SWIFT_COMPILATION_MODE = wholemodule;
				SWIFT_OPTIMIZATION_LEVEL = "-O";
				VALIDATE_PRODUCT = YES;
			};
			name = Release;
		};
		AECE64CC25AEDEC6009A39EC /* Debug */ = {
			isa = XCBuildConfiguration;
			buildSettings = {
				ASSETCATALOG_COMPILER_APPICON_NAME = AppIcon;
				ASSETCATALOG_COMPILER_GLOBAL_ACCENT_COLOR_NAME = AccentColor;
				CODE_SIGN_ENTITLEMENTS = "Sample8-CoreData/Sample8-CoreData.entitlements";
				CODE_SIGN_IDENTITY = "Apple Development";
				CODE_SIGN_STYLE = Automatic;
				DEVELOPMENT_ASSET_PATHS = "\"Sample8-CoreData/Preview Content\"";
				DEVELOPMENT_TEAM = ZR3YSQ33BM;
				ENABLE_PREVIEWS = YES;
				INFOPLIST_FILE = "Sample8-CoreData/Info.plist";
				IPHONEOS_DEPLOYMENT_TARGET = 14.0;
				LD_RUNPATH_SEARCH_PATHS = (
					"$(inherited)",
					"@executable_path/Frameworks",
				);
				PRODUCT_BUNDLE_IDENTIFIER = "com.hiroshimamm.grp-system.Sample8-CoreData";
				PRODUCT_NAME = "$(TARGET_NAME)";
				PROVISIONING_PROFILE_SPECIFIER = "";
				"PROVISIONING_PROFILE_SPECIFIER[sdk=iphoneos*]" = "";
				SWIFT_VERSION = 5.0;
				TARGETED_DEVICE_FAMILY = "1,2";
			};
			name = Debug;
		};
		AECE64CD25AEDEC6009A39EC /* Release */ = {
			isa = XCBuildConfiguration;
			buildSettings = {
				ASSETCATALOG_COMPILER_APPICON_NAME = AppIcon;
				ASSETCATALOG_COMPILER_GLOBAL_ACCENT_COLOR_NAME = AccentColor;
				CODE_SIGN_ENTITLEMENTS = "Sample8-CoreData/Sample8-CoreData.entitlements";
				CODE_SIGN_IDENTITY = "Apple Development";
				CODE_SIGN_STYLE = Automatic;
				DEVELOPMENT_ASSET_PATHS = "\"Sample8-CoreData/Preview Content\"";
				DEVELOPMENT_TEAM = ZR3YSQ33BM;
				ENABLE_PREVIEWS = YES;
				INFOPLIST_FILE = "Sample8-CoreData/Info.plist";
				IPHONEOS_DEPLOYMENT_TARGET = 14.0;
				LD_RUNPATH_SEARCH_PATHS = (
					"$(inherited)",
					"@executable_path/Frameworks",
				);
				PRODUCT_BUNDLE_IDENTIFIER = "com.hiroshimamm.grp-system.Sample8-CoreData";
				PRODUCT_NAME = "$(TARGET_NAME)";
				PROVISIONING_PROFILE_SPECIFIER = "";
				SWIFT_VERSION = 5.0;
				TARGETED_DEVICE_FAMILY = "1,2";
			};
			name = Release;
		};
/* End XCBuildConfiguration section */

/* Begin XCConfigurationList section */
		AECE64B725AEDEC3009A39EC /* Build configuration list for PBXProject "Sample8-CoreData" */ = {
			isa = XCConfigurationList;
			buildConfigurations = (
				AECE64C925AEDEC6009A39EC /* Debug */,
				AECE64CA25AEDEC6009A39EC /* Release */,
			);
			defaultConfigurationIsVisible = 0;
			defaultConfigurationName = Release;
		};
		AECE64CB25AEDEC6009A39EC /* Build configuration list for PBXNativeTarget "Sample8-CoreData" */ = {
			isa = XCConfigurationList;
			buildConfigurations = (
				AECE64CC25AEDEC6009A39EC /* Debug */,
				AECE64CD25AEDEC6009A39EC /* Release */,
			);
			defaultConfigurationIsVisible = 0;
			defaultConfigurationName = Release;
		};
/* End XCConfigurationList section */

/* Begin XCVersionGroup section */
		AECE64E725AEF2DE009A39EC /* CoreData.xcdatamodeld */ = {
			isa = XCVersionGroup;
			children = (
				AECE64E825AEF2DE009A39EC /* CoreData.xcdatamodel */,
			);
			currentVersion = AECE64E825AEF2DE009A39EC /* CoreData.xcdatamodel */;
			path = CoreData.xcdatamodeld;
			sourceTree = "<group>";
			versionGroupType = wrapper.xcdatamodel;
		};
/* End XCVersionGroup section */
	};
	rootObject = AECE64B425AEDEC3009A39EC /* Project object */;
}
